
Microsoft Visual Studio Solution File, Format Version 12.00
# Visual Studio Version 16
VisualStudioVersion = 16.0.32002.261
MinimumVisualStudioVersion = 10.0.40219.1
Project("{9A19103F-16F7-4668-BE54-9A1E7A4F7556}") = "BeeConsole", "BeeWorker\BeeConsole.csproj", "{42AAAC15-24A1-479A-A018-F0B180898D0C}"
EndProject
Project("{9A19103F-16F7-4668-BE54-9A1E7A4F7556}") = "BeeCore", "BeeCore\BeeCore.csproj", "{95DE721E-644D-4693-9F53-80485DA43C79}"
EndProject
Project("{9A19103F-16F7-4668-BE54-9A1E7A4F7556}") = "BeeWPF", "BeeWPF\BeeWPF.csproj", "{951E5595-58FF-487C-B90E-4590E735A6A8}"
EndProject
Project("{9A19103F-16F7-4668-BE54-9A1E7A4F7556}") = "UnitTest", "UnitTest\UnitTest.csproj", "{4A7637EB-075A-4993-8EBC-3D837A6145B3}"
EndProject
Global
	GlobalSection(SolutionConfigurationPlatforms) = preSolution
		Debug|Any CPU = Debug|Any CPU
		Release|Any CPU = Release|Any CPU
	EndGlobalSection
	GlobalSection(ProjectConfigurationPlatforms) = postSolution
		{42AAAC15-24A1-479A-A018-F0B180898D0C}.Debug|Any CPU.ActiveCfg = Debug|Any CPU
		{42AAAC15-24A1-479A-A018-F0B180898D0C}.Debug|Any CPU.Build.0 = Debug|Any CPU
		{42AAAC15-24A1-479A-A018-F0B180898D0C}.Release|Any CPU.ActiveCfg = Release|Any CPU
		{42AAAC15-24A1-479A-A018-F0B180898D0C}.Release|Any CPU.Build.0 = Release|Any CPU
		{95DE721E-644D-4693-9F53-80485DA43C79}.Debug|Any CPU.ActiveCfg = Debug|Any CPU
		{95DE721E-644D-4693-9F53-80485DA43C79}.Debug|Any CPU.Build.0 = Debug|Any CPU
		{95DE721E-644D-4693-9F53-80485DA43C79}.Release|Any CPU.ActiveCfg = Release|Any CPU
		{95DE721E-644D-4693-9F53-80485DA43C79}.Release|Any CPU.Build.0 = Release|Any CPU
		{951E5595-58FF-487C-B90E-4590E735A6A8}.Debug|Any CPU.ActiveCfg = Debug|Any CPU
		{951E5595-58FF-487C-B90E-4590E735A6A8}.Debug|Any CPU.Build.0 = Debug|Any CPU
		{951E5595-58FF-487C-B90E-4590E735A6A8}.Release|Any CPU.ActiveCfg = Release|Any CPU
		{951E5595-58FF-487C-B90E-4590E735A6A8}.Release|Any CPU.Build.0 = Release|Any CPU
		{4A7637EB-075A-4993-8EBC-3D837A6145B3}.Debug|Any CPU.ActiveCfg = Debug|Any CPU
		{4A7637EB-075A-4993-8EBC-3D837A6145B3}.Debug|Any CPU.Build.0 = Debug|Any CPU
		{4A7637EB-075A-4993-8EBC-3D837A6145B3}.Release|Any CPU.ActiveCfg = Release|Any CPU
		{4A7637EB-075A-4993-8EBC-3D837A6145B3}.Release|Any CPU.Build.0 = Release|Any CPU
	EndGlobalSection
	GlobalSection(SolutionProperties) = preSolution
		HideSolutionNode = FALSE
	EndGlobalSection
	GlobalSection(ExtensibilityGlobals) = postSolution
		SolutionGuid = {36BCF711-2F2B-400C-8D02-7FBDF7EC1155}
	EndGlobalSection
EndGlobal
